// !$*UTF8*$!
{
	archiveVersion = 1;
	classes = {
	};
	objectVersion = 56;
	objects = {

/* Begin PBXBuildFile section */
		390174202A290B4E003493E0 /* Stage1ViewController.swift in Sources */ = {isa = PBXBuildFile; fileRef = 3901741F2A290B4E003493E0 /* Stage1ViewController.swift */; };
		3915B03B2A4309BB00CC754F /* Stage4ViewController.swift in Sources */ = {isa = PBXBuildFile; fileRef = 3915B03A2A4309BB00CC754F /* Stage4ViewController.swift */; };
		393ED5192A0E387200D7CCA0 /* GameScene.swift in Sources */ = {isa = PBXBuildFile; fileRef = 393ED5182A0E387200D7CCA0 /* GameScene.swift */; };
		396D17812A3E962F0079F709 /* Stage2ViewController.swift in Sources */ = {isa = PBXBuildFile; fileRef = 396D17802A3E962F0079F709 /* Stage2ViewController.swift */; };
		396D17832A3EA6BB0079F709 /* Stage3ViewController.swift in Sources */ = {isa = PBXBuildFile; fileRef = 396D17822A3EA6BB0079F709 /* Stage3ViewController.swift */; };
		3977A41E2A28B42100FDE039 /* CustomButton.swift in Sources */ = {isa = PBXBuildFile; fileRef = 3977A41D2A28B42000FDE039 /* CustomButton.swift */; };
		3977A4222A28F9CE00FDE039 /* StageGameHomeViewController.swift in Sources */ = {isa = PBXBuildFile; fileRef = 3977A4212A28F9CE00FDE039 /* StageGameHomeViewController.swift */; };
		39AE316D2A3D67DF0015A159 /* Gameover_Kokera_ViewController.swift in Sources */ = {isa = PBXBuildFile; fileRef = 39AE316C2A3D67DF0015A159 /* Gameover_Kokera_ViewController.swift */; };
		39BD1EEC2A2D859700E87B20 /* 1ViewController.swift in Sources */ = {isa = PBXBuildFile; fileRef = 39BD1EEB2A2D859700E87B20 /* 1ViewController.swift */; };
		39CEDA7B2A3D5DEE0047A95F /* GameClearViewController.swift in Sources */ = {isa = PBXBuildFile; fileRef = 39CEDA7A2A3D5DEE0047A95F /* GameClearViewController.swift */; };
		39CEDA7D2A3D5E080047A95F /* Gameover_Kaki_ViewController.swift in Sources */ = {isa = PBXBuildFile; fileRef = 39CEDA7C2A3D5E080047A95F /* Gameover_Kaki_ViewController.swift */; };
		39DA2BC82A074B6400F3BE24 /* AppDelegate.swift in Sources */ = {isa = PBXBuildFile; fileRef = 39DA2BC72A074B6400F3BE24 /* AppDelegate.swift */; };
		39DA2BCA2A074B6400F3BE24 /* SceneDelegate.swift in Sources */ = {isa = PBXBuildFile; fileRef = 39DA2BC92A074B6400F3BE24 /* SceneDelegate.swift */; };
		39DA2BCC2A074B6400F3BE24 /* ViewController.swift in Sources */ = {isa = PBXBuildFile; fileRef = 39DA2BCB2A074B6400F3BE24 /* ViewController.swift */; };
		39DA2BCF2A074B6400F3BE24 /* Main.storyboard in Resources */ = {isa = PBXBuildFile; fileRef = 39DA2BCD2A074B6400F3BE24 /* Main.storyboard */; };
		39DA2BD12A074B6800F3BE24 /* Assets.xcassets in Resources */ = {isa = PBXBuildFile; fileRef = 39DA2BD02A074B6800F3BE24 /* Assets.xcassets */; };
		39DA2BD42A074B6800F3BE24 /* LaunchScreen.storyboard in Resources */ = {isa = PBXBuildFile; fileRef = 39DA2BD22A074B6800F3BE24 /* LaunchScreen.storyboard */; };
		957AD81D2A4FB7C800DF61B9 /* Stage6ViewController.swift in Sources */ = {isa = PBXBuildFile; fileRef = 957AD81C2A4FB7C800DF61B9 /* Stage6ViewController.swift */; };
		95816D6A2A51241F00C53502 /* Stage7ViewController.swift in Sources */ = {isa = PBXBuildFile; fileRef = 95816D692A51241F00C53502 /* Stage7ViewController.swift */; };
		95816D6C2A51242D00C53502 /* Stage8ViewController.swift in Sources */ = {isa = PBXBuildFile; fileRef = 95816D6B2A51242D00C53502 /* Stage8ViewController.swift */; };
		95816D6E2A51243B00C53502 /* Stage9ViewController.swift in Sources */ = {isa = PBXBuildFile; fileRef = 95816D6D2A51243B00C53502 /* Stage9ViewController.swift */; };
		95816D702A5153EC00C53502 /* EndlessGame_ViewController.swift in Sources */ = {isa = PBXBuildFile; fileRef = 95816D6F2A5153EC00C53502 /* EndlessGame_ViewController.swift */; };
		95816D722A51541800C53502 /* Endlessover_kaki_ViewController.swift in Sources */ = {isa = PBXBuildFile; fileRef = 95816D712A51541800C53502 /* Endlessover_kaki_ViewController.swift */; };
		95816D742A51543C00C53502 /* Endlessover_kokera_ViewController.swift in Sources */ = {isa = PBXBuildFile; fileRef = 95816D732A51543C00C53502 /* Endlessover_kokera_ViewController.swift */; };
		95BB071A2A4EC61700C64E00 /* Stage5ViewController.swift in Sources */ = {isa = PBXBuildFile; fileRef = 95BB07192A4EC61700C64E00 /* Stage5ViewController.swift */; };
/* End PBXBuildFile section */

/* Begin PBXFileReference section */
		3901741F2A290B4E003493E0 /* Stage1ViewController.swift */ = {isa = PBXFileReference; lastKnownFileType = sourcecode.swift; path = Stage1ViewController.swift; sourceTree = "<group>"; };
		3915B03A2A4309BB00CC754F /* Stage4ViewController.swift */ = {isa = PBXFileReference; lastKnownFileType = sourcecode.swift; path = Stage4ViewController.swift; sourceTree = "<group>"; };
		393ED5182A0E387200D7CCA0 /* GameScene.swift */ = {isa = PBXFileReference; lastKnownFileType = sourcecode.swift; path = GameScene.swift; sourceTree = "<group>"; };
		396D17802A3E962F0079F709 /* Stage2ViewController.swift */ = {isa = PBXFileReference; lastKnownFileType = sourcecode.swift; path = Stage2ViewController.swift; sourceTree = "<group>"; };
		396D17822A3EA6BB0079F709 /* Stage3ViewController.swift */ = {isa = PBXFileReference; lastKnownFileType = sourcecode.swift; path = Stage3ViewController.swift; sourceTree = "<group>"; };
		3977A41D2A28B42000FDE039 /* CustomButton.swift */ = {isa = PBXFileReference; lastKnownFileType = sourcecode.swift; path = CustomButton.swift; sourceTree = "<group>"; };
		3977A4212A28F9CE00FDE039 /* StageGameHomeViewController.swift */ = {isa = PBXFileReference; lastKnownFileType = sourcecode.swift; path = StageGameHomeViewController.swift; sourceTree = "<group>"; };
		39AE316C2A3D67DF0015A159 /* Gameover_Kokera_ViewController.swift */ = {isa = PBXFileReference; lastKnownFileType = sourcecode.swift; path = Gameover_Kokera_ViewController.swift; sourceTree = "<group>"; };
		39BD1EEB2A2D859700E87B20 /* 1ViewController.swift */ = {isa = PBXFileReference; lastKnownFileType = sourcecode.swift; path = 1ViewController.swift; sourceTree = "<group>"; };
		39CEDA7A2A3D5DEE0047A95F /* GameClearViewController.swift */ = {isa = PBXFileReference; lastKnownFileType = sourcecode.swift; path = GameClearViewController.swift; sourceTree = "<group>"; };
		39CEDA7C2A3D5E080047A95F /* Gameover_Kaki_ViewController.swift */ = {isa = PBXFileReference; lastKnownFileType = sourcecode.swift; path = Gameover_Kaki_ViewController.swift; sourceTree = "<group>"; };
		39DA2BC42A074B6400F3BE24 /* FallingKokeraForiOS.app */ = {isa = PBXFileReference; explicitFileType = wrapper.application; includeInIndex = 0; path = FallingKokeraForiOS.app; sourceTree = BUILT_PRODUCTS_DIR; };
		39DA2BC72A074B6400F3BE24 /* AppDelegate.swift */ = {isa = PBXFileReference; lastKnownFileType = sourcecode.swift; path = AppDelegate.swift; sourceTree = "<group>"; };
		39DA2BC92A074B6400F3BE24 /* SceneDelegate.swift */ = {isa = PBXFileReference; lastKnownFileType = sourcecode.swift; path = SceneDelegate.swift; sourceTree = "<group>"; };
		39DA2BCB2A074B6400F3BE24 /* ViewController.swift */ = {isa = PBXFileReference; lastKnownFileType = sourcecode.swift; path = ViewController.swift; sourceTree = "<group>"; };
		39DA2BCE2A074B6400F3BE24 /* Base */ = {isa = PBXFileReference; lastKnownFileType = file.storyboard; name = Base; path = Base.lproj/Main.storyboard; sourceTree = "<group>"; };
		39DA2BD02A074B6800F3BE24 /* Assets.xcassets */ = {isa = PBXFileReference; lastKnownFileType = folder.assetcatalog; path = Assets.xcassets; sourceTree = "<group>"; };
		39DA2BD32A074B6800F3BE24 /* Base */ = {isa = PBXFileReference; lastKnownFileType = file.storyboard; name = Base; path = Base.lproj/LaunchScreen.storyboard; sourceTree = "<group>"; };
		39DA2BD52A074B6800F3BE24 /* Info.plist */ = {isa = PBXFileReference; lastKnownFileType = text.plist.xml; path = Info.plist; sourceTree = "<group>"; };
		957AD81C2A4FB7C800DF61B9 /* Stage6ViewController.swift */ = {isa = PBXFileReference; lastKnownFileType = sourcecode.swift; path = Stage6ViewController.swift; sourceTree = "<group>"; };
		95816D692A51241F00C53502 /* Stage7ViewController.swift */ = {isa = PBXFileReference; lastKnownFileType = sourcecode.swift; path = Stage7ViewController.swift; sourceTree = "<group>"; };
		95816D6B2A51242D00C53502 /* Stage8ViewController.swift */ = {isa = PBXFileReference; lastKnownFileType = sourcecode.swift; path = Stage8ViewController.swift; sourceTree = "<group>"; };
		95816D6D2A51243B00C53502 /* Stage9ViewController.swift */ = {isa = PBXFileReference; lastKnownFileType = sourcecode.swift; path = Stage9ViewController.swift; sourceTree = "<group>"; };
		95816D6F2A5153EC00C53502 /* EndlessGame_ViewController.swift */ = {isa = PBXFileReference; lastKnownFileType = sourcecode.swift; path = EndlessGame_ViewController.swift; sourceTree = "<group>"; };
		95816D712A51541800C53502 /* Endlessover_kaki_ViewController.swift */ = {isa = PBXFileReference; lastKnownFileType = sourcecode.swift; path = Endlessover_kaki_ViewController.swift; sourceTree = "<group>"; };
		95816D732A51543C00C53502 /* Endlessover_kokera_ViewController.swift */ = {isa = PBXFileReference; lastKnownFileType = sourcecode.swift; path = Endlessover_kokera_ViewController.swift; sourceTree = "<group>"; };
		95BB07192A4EC61700C64E00 /* Stage5ViewController.swift */ = {isa = PBXFileReference; lastKnownFileType = sourcecode.swift; path = Stage5ViewController.swift; sourceTree = "<group>"; };
/* End PBXFileReference section */

/* Begin PBXFrameworksBuildPhase section */
		39DA2BC12A074B6400F3BE24 /* Frameworks */ = {
			isa = PBXFrameworksBuildPhase;
			buildActionMask = 2147483647;
			files = (
			);
			runOnlyForDeploymentPostprocessing = 0;
		};
/* End PBXFrameworksBuildPhase section */

/* Begin PBXGroup section */
		39DA2BBB2A074B6400F3BE24 = {
			isa = PBXGroup;
			children = (
				39BD1EEB2A2D859700E87B20 /* 1ViewController.swift */,
				39DA2BC62A074B6400F3BE24 /* FallingKokeraForiOS */,
				39DA2BC52A074B6400F3BE24 /* Products */,
			);
			sourceTree = "<group>";
		};
		39DA2BC52A074B6400F3BE24 /* Products */ = {
			isa = PBXGroup;
			children = (
				39DA2BC42A074B6400F3BE24 /* FallingKokeraForiOS.app */,
			);
			name = Products;
			sourceTree = "<group>";
		};
		39DA2BC62A074B6400F3BE24 /* FallingKokeraForiOS */ = {
			isa = PBXGroup;
			children = (
				39AE316C2A3D67DF0015A159 /* Gameover_Kokera_ViewController.swift */,
				39CEDA7C2A3D5E080047A95F /* Gameover_Kaki_ViewController.swift */,
				95816D6F2A5153EC00C53502 /* EndlessGame_ViewController.swift */,
				95816D712A51541800C53502 /* Endlessover_kaki_ViewController.swift */,
				95816D732A51543C00C53502 /* Endlessover_kokera_ViewController.swift */,
				39CEDA7A2A3D5DEE0047A95F /* GameClearViewController.swift */,
				3977A4212A28F9CE00FDE039 /* StageGameHomeViewController.swift */,
				3901741F2A290B4E003493E0 /* Stage1ViewController.swift */,
				396D17802A3E962F0079F709 /* Stage2ViewController.swift */,
				396D17822A3EA6BB0079F709 /* Stage3ViewController.swift */,
				957AD81C2A4FB7C800DF61B9 /* Stage6ViewController.swift */,
				95816D692A51241F00C53502 /* Stage7ViewController.swift */,
				95816D6B2A51242D00C53502 /* Stage8ViewController.swift */,
				95816D6D2A51243B00C53502 /* Stage9ViewController.swift */,
				3915B03A2A4309BB00CC754F /* Stage4ViewController.swift */,
				95BB07192A4EC61700C64E00 /* Stage5ViewController.swift */,
				3977A41D2A28B42000FDE039 /* CustomButton.swift */,
				39DA2BC72A074B6400F3BE24 /* AppDelegate.swift */,
				39DA2BC92A074B6400F3BE24 /* SceneDelegate.swift */,
				39DA2BCB2A074B6400F3BE24 /* ViewController.swift */,
				39DA2BCD2A074B6400F3BE24 /* Main.storyboard */,
				39DA2BD02A074B6800F3BE24 /* Assets.xcassets */,
				39DA2BD22A074B6800F3BE24 /* LaunchScreen.storyboard */,
				39DA2BD52A074B6800F3BE24 /* Info.plist */,
				393ED5182A0E387200D7CCA0 /* GameScene.swift */,
			);
			path = FallingKokeraForiOS;
			sourceTree = "<group>";
		};
/* End PBXGroup section */

/* Begin PBXNativeTarget section */
		39DA2BC32A074B6400F3BE24 /* FallingKokeraForiOS */ = {
			isa = PBXNativeTarget;
			buildConfigurationList = 39DA2BD82A074B6800F3BE24 /* Build configuration list for PBXNativeTarget "FallingKokeraForiOS" */;
			buildPhases = (
				39DA2BC02A074B6400F3BE24 /* Sources */,
				39DA2BC12A074B6400F3BE24 /* Frameworks */,
				39DA2BC22A074B6400F3BE24 /* Resources */,
			);
			buildRules = (
			);
			dependencies = (
			);
			name = FallingKokeraForiOS;
			productName = FallingKokeraForiOS;
			productReference = 39DA2BC42A074B6400F3BE24 /* FallingKokeraForiOS.app */;
			productType = "com.apple.product-type.application";
		};
/* End PBXNativeTarget section */

/* Begin PBXProject section */
		39DA2BBC2A074B6400F3BE24 /* Project object */ = {
			isa = PBXProject;
			attributes = {
				BuildIndependentTargetsInParallel = 1;
				LastSwiftUpdateCheck = 1420;
				LastUpgradeCheck = 1420;
				TargetAttributes = {
					39DA2BC32A074B6400F3BE24 = {
						CreatedOnToolsVersion = 14.2;
					};
				};
			};
			buildConfigurationList = 39DA2BBF2A074B6400F3BE24 /* Build configuration list for PBXProject "FallingKokeraForiOS" */;
			compatibilityVersion = "Xcode 14.0";
			developmentRegion = en;
			hasScannedForEncodings = 0;
			knownRegions = (
				en,
				Base,
			);
			mainGroup = 39DA2BBB2A074B6400F3BE24;
			productRefGroup = 39DA2BC52A074B6400F3BE24 /* Products */;
			projectDirPath = "";
			projectRoot = "";
			targets = (
				39DA2BC32A074B6400F3BE24 /* FallingKokeraForiOS */,
			);
		};
/* End PBXProject section */

/* Begin PBXResourcesBuildPhase section */
		39DA2BC22A074B6400F3BE24 /* Resources */ = {
			isa = PBXResourcesBuildPhase;
			buildActionMask = 2147483647;
			files = (
				39DA2BD42A074B6800F3BE24 /* LaunchScreen.storyboard in Resources */,
				39DA2BD12A074B6800F3BE24 /* Assets.xcassets in Resources */,
				39DA2BCF2A074B6400F3BE24 /* Main.storyboard in Resources */,
			);
			runOnlyForDeploymentPostprocessing = 0;
		};
/* End PBXResourcesBuildPhase section */

/* Begin PBXSourcesBuildPhase section */
		39DA2BC02A074B6400F3BE24 /* Sources */ = {
			isa = PBXSourcesBuildPhase;
			buildActionMask = 2147483647;
			files = (
				393ED5192A0E387200D7CCA0 /* GameScene.swift in Sources */,
				95816D722A51541800C53502 /* Endlessover_kaki_ViewController.swift in Sources */,
				39BD1EEC2A2D859700E87B20 /* 1ViewController.swift in Sources */,
				396D17812A3E962F0079F709 /* Stage2ViewController.swift in Sources */,
				39CEDA7B2A3D5DEE0047A95F /* GameClearViewController.swift in Sources */,
				95816D742A51543C00C53502 /* Endlessover_kokera_ViewController.swift in Sources */,
				390174202A290B4E003493E0 /* Stage1ViewController.swift in Sources */,
				396D17832A3EA6BB0079F709 /* Stage3ViewController.swift in Sources */,
				957AD81D2A4FB7C800DF61B9 /* Stage6ViewController.swift in Sources */,
				39DA2BCC2A074B6400F3BE24 /* ViewController.swift in Sources */,
				3977A41E2A28B42100FDE039 /* CustomButton.swift in Sources */,
				95816D6C2A51242D00C53502 /* Stage8ViewController.swift in Sources */,
				39AE316D2A3D67DF0015A159 /* Gameover_Kokera_ViewController.swift in Sources */,
				39DA2BC82A074B6400F3BE24 /* AppDelegate.swift in Sources */,
				95816D702A5153EC00C53502 /* EndlessGame_ViewController.swift in Sources */,
				3977A4222A28F9CE00FDE039 /* StageGameHomeViewController.swift in Sources */,
				95816D6A2A51241F00C53502 /* Stage7ViewController.swift in Sources */,
				39DA2BCA2A074B6400F3BE24 /* SceneDelegate.swift in Sources */,
				95BB071A2A4EC61700C64E00 /* Stage5ViewController.swift in Sources */,
				95816D6E2A51243B00C53502 /* Stage9ViewController.swift in Sources */,
				39CEDA7D2A3D5E080047A95F /* Gameover_Kaki_ViewController.swift in Sources */,
				3915B03B2A4309BB00CC754F /* Stage4ViewController.swift in Sources */,
			);
			runOnlyForDeploymentPostprocessing = 0;
		};
/* End PBXSourcesBuildPhase section */

/* Begin PBXVariantGroup section */
		39DA2BCD2A074B6400F3BE24 /* Main.storyboard */ = {
			isa = PBXVariantGroup;
			children = (
				39DA2BCE2A074B6400F3BE24 /* Base */,
			);
			name = Main.storyboard;
			sourceTree = "<group>";
		};
		39DA2BD22A074B6800F3BE24 /* LaunchScreen.storyboard */ = {
			isa = PBXVariantGroup;
			children = (
				39DA2BD32A074B6800F3BE24 /* Base */,
			);
			name = LaunchScreen.storyboard;
			sourceTree = "<group>";
		};
/* End PBXVariantGroup section */

/* Begin XCBuildConfiguration section */
		39DA2BD62A074B6800F3BE24 /* Debug */ = {
			isa = XCBuildConfiguration;
			buildSettings = {
				ALWAYS_SEARCH_USER_PATHS = NO;
				CLANG_ANALYZER_NONNULL = YES;
				CLANG_ANALYZER_NUMBER_OBJECT_CONVERSION = YES_AGGRESSIVE;
				CLANG_CXX_LANGUAGE_STANDARD = "gnu++20";
				CLANG_ENABLE_MODULES = YES;
				CLANG_ENABLE_OBJC_ARC = YES;
				CLANG_ENABLE_OBJC_WEAK = YES;
				CLANG_WARN_BLOCK_CAPTURE_AUTORELEASING = YES;
				CLANG_WARN_BOOL_CONVERSION = YES;
				CLANG_WARN_COMMA = YES;
				CLANG_WARN_CONSTANT_CONVERSION = YES;
				CLANG_WARN_DEPRECATED_OBJC_IMPLEMENTATIONS = YES;
				CLANG_WARN_DIRECT_OBJC_ISA_USAGE = YES_ERROR;
				CLANG_WARN_DOCUMENTATION_COMMENTS = YES;
				CLANG_WARN_EMPTY_BODY = YES;
				CLANG_WARN_ENUM_CONVERSION = YES;
				CLANG_WARN_INFINITE_RECURSION = YES;
				CLANG_WARN_INT_CONVERSION = YES;
				CLANG_WARN_NON_LITERAL_NULL_CONVERSION = YES;
				CLANG_WARN_OBJC_IMPLICIT_RETAIN_SELF = YES;
				CLANG_WARN_OBJC_LITERAL_CONVERSION = YES;
				CLANG_WARN_OBJC_ROOT_CLASS = YES_ERROR;
				CLANG_WARN_QUOTED_INCLUDE_IN_FRAMEWORK_HEADER = YES;
				CLANG_WARN_RANGE_LOOP_ANALYSIS = YES;
				CLANG_WARN_STRICT_PROTOTYPES = YES;
				CLANG_WARN_SUSPICIOUS_MOVE = YES;
				CLANG_WARN_UNGUARDED_AVAILABILITY = YES_AGGRESSIVE;
				CLANG_WARN_UNREACHABLE_CODE = YES;
				CLANG_WARN__DUPLICATE_METHOD_MATCH = YES;
				COPY_PHASE_STRIP = NO;
				DEBUG_INFORMATION_FORMAT = dwarf;
				ENABLE_STRICT_OBJC_MSGSEND = YES;
				ENABLE_TESTABILITY = YES;
				GCC_C_LANGUAGE_STANDARD = gnu11;
				GCC_DYNAMIC_NO_PIC = NO;
				GCC_NO_COMMON_BLOCKS = YES;
				GCC_OPTIMIZATION_LEVEL = 0;
				GCC_PREPROCESSOR_DEFINITIONS = (
					"DEBUG=1",
					"$(inherited)",
				);
				GCC_WARN_64_TO_32_BIT_CONVERSION = YES;
				GCC_WARN_ABOUT_RETURN_TYPE = YES_ERROR;
				GCC_WARN_UNDECLARED_SELECTOR = YES;
				GCC_WARN_UNINITIALIZED_AUTOS = YES_AGGRESSIVE;
				GCC_WARN_UNUSED_FUNCTION = YES;
				GCC_WARN_UNUSED_VARIABLE = YES;
				IPHONEOS_DEPLOYMENT_TARGET = 16.2;
				MTL_ENABLE_DEBUG_INFO = INCLUDE_SOURCE;
				MTL_FAST_MATH = YES;
				ONLY_ACTIVE_ARCH = YES;
				SDKROOT = iphoneos;
				SWIFT_ACTIVE_COMPILATION_CONDITIONS = DEBUG;
				SWIFT_OPTIMIZATION_LEVEL = "-Onone";
			};
			name = Debug;
		};
		39DA2BD72A074B6800F3BE24 /* Release */ = {
			isa = XCBuildConfiguration;
			buildSettings = {
				ALWAYS_SEARCH_USER_PATHS = NO;
				CLANG_ANALYZER_NONNULL = YES;
				CLANG_ANALYZER_NUMBER_OBJECT_CONVERSION = YES_AGGRESSIVE;
				CLANG_CXX_LANGUAGE_STANDARD = "gnu++20";
				CLANG_ENABLE_MODULES = YES;
				CLANG_ENABLE_OBJC_ARC = YES;
				CLANG_ENABLE_OBJC_WEAK = YES;
				CLANG_WARN_BLOCK_CAPTURE_AUTORELEASING = YES;
				CLANG_WARN_BOOL_CONVERSION = YES;
				CLANG_WARN_COMMA = YES;
				CLANG_WARN_CONSTANT_CONVERSION = YES;
				CLANG_WARN_DEPRECATED_OBJC_IMPLEMENTATIONS = YES;
				CLANG_WARN_DIRECT_OBJC_ISA_USAGE = YES_ERROR;
				CLANG_WARN_DOCUMENTATION_COMMENTS = YES;
				CLANG_WARN_EMPTY_BODY = YES;
				CLANG_WARN_ENUM_CONVERSION = YES;
				CLANG_WARN_INFINITE_RECURSION = YES;
				CLANG_WARN_INT_CONVERSION = YES;
				CLANG_WARN_NON_LITERAL_NULL_CONVERSION = YES;
				CLANG_WARN_OBJC_IMPLICIT_RETAIN_SELF = YES;
				CLANG_WARN_OBJC_LITERAL_CONVERSION = YES;
				CLANG_WARN_OBJC_ROOT_CLASS = YES_ERROR;
				CLANG_WARN_QUOTED_INCLUDE_IN_FRAMEWORK_HEADER = YES;
				CLANG_WARN_RANGE_LOOP_ANALYSIS = YES;
				CLANG_WARN_STRICT_PROTOTYPES = YES;
				CLANG_WARN_SUSPICIOUS_MOVE = YES;
				CLANG_WARN_UNGUARDED_AVAILABILITY = YES_AGGRESSIVE;
				CLANG_WARN_UNREACHABLE_CODE = YES;
				CLANG_WARN__DUPLICATE_METHOD_MATCH = YES;
				COPY_PHASE_STRIP = NO;
				DEBUG_INFORMATION_FORMAT = "dwarf-with-dsym";
				ENABLE_NS_ASSERTIONS = NO;
				ENABLE_STRICT_OBJC_MSGSEND = YES;
				GCC_C_LANGUAGE_STANDARD = gnu11;
				GCC_NO_COMMON_BLOCKS = YES;
				GCC_WARN_64_TO_32_BIT_CONVERSION = YES;
				GCC_WARN_ABOUT_RETURN_TYPE = YES_ERROR;
				GCC_WARN_UNDECLARED_SELECTOR = YES;
				GCC_WARN_UNINITIALIZED_AUTOS = YES_AGGRESSIVE;
				GCC_WARN_UNUSED_FUNCTION = YES;
				GCC_WARN_UNUSED_VARIABLE = YES;
				IPHONEOS_DEPLOYMENT_TARGET = 16.2;
				MTL_ENABLE_DEBUG_INFO = NO;
				MTL_FAST_MATH = YES;
				SDKROOT = iphoneos;
				SWIFT_COMPILATION_MODE = wholemodule;
				SWIFT_OPTIMIZATION_LEVEL = "-O";
				VALIDATE_PRODUCT = YES;
			};
			name = Release;
		};
		39DA2BD92A074B6800F3BE24 /* Debug */ = {
			isa = XCBuildConfiguration;
			buildSettings = {
				ASSETCATALOG_COMPILER_APPICON_NAME = AppIcon;
				ASSETCATALOG_COMPILER_GLOBAL_ACCENT_COLOR_NAME = AccentColor;
				CODE_SIGN_STYLE = Automatic;
				CURRENT_PROJECT_VERSION = 1;
				DEVELOPMENT_TEAM = 3GYNZU4HS2;
				GENERATE_INFOPLIST_FILE = YES;
				INFOPLIST_FILE = FallingKokeraForiOS/Info.plist;
				INFOPLIST_KEY_UIApplicationSupportsIndirectInputEvents = YES;
				INFOPLIST_KEY_UILaunchStoryboardName = LaunchScreen;
				INFOPLIST_KEY_UIMainStoryboardFile = Main;
				INFOPLIST_KEY_UISupportedInterfaceOrientations_iPad = "UIInterfaceOrientationPortrait UIInterfaceOrientationPortraitUpsideDown UIInterfaceOrientationLandscapeLeft UIInterfaceOrientationLandscapeRight";
				INFOPLIST_KEY_UISupportedInterfaceOrientations_iPhone = "UIInterfaceOrientationPortrait UIInterfaceOrientationLandscapeLeft UIInterfaceOrientationLandscapeRight";
				LD_RUNPATH_SEARCH_PATHS = (
					"$(inherited)",
					"@executable_path/Frameworks",
				);
				MARKETING_VERSION = 1.0;
				PRODUCT_BUNDLE_IDENTIFIER = com.skart.FallingKokeraForiOS;
				PRODUCT_NAME = "$(TARGET_NAME)";
				SWIFT_EMIT_LOC_STRINGS = YES;
				SWIFT_VERSION = 5.0;
				TARGETED_DEVICE_FAMILY = "1,2";
			};
			name = Debug;
		};
		39DA2BDA2A074B6800F3BE24 /* Release */ = {
			isa = XCBuildConfiguration;
			buildSettings = {
				ASSETCATALOG_COMPILER_APPICON_NAME = AppIcon;
				ASSETCATALOG_COMPILER_GLOBAL_ACCENT_COLOR_NAME = AccentColor;
				CODE_SIGN_STYLE = Automatic;
				CURRENT_PROJECT_VERSION = 1;
				DEVELOPMENT_TEAM = 3GYNZU4HS2;
				GENERATE_INFOPLIST_FILE = YES;
				INFOPLIST_FILE = FallingKokeraForiOS/Info.plist;
				INFOPLIST_KEY_UIApplicationSupportsIndirectInputEvents = YES;
				INFOPLIST_KEY_UILaunchStoryboardName = LaunchScreen;
				INFOPLIST_KEY_UIMainStoryboardFile = Main;
				INFOPLIST_KEY_UISupportedInterfaceOrientations_iPad = "UIInterfaceOrientationPortrait UIInterfaceOrientationPortraitUpsideDown UIInterfaceOrientationLandscapeLeft UIInterfaceOrientationLandscapeRight";
				INFOPLIST_KEY_UISupportedInterfaceOrientations_iPhone = "UIInterfaceOrientationPortrait UIInterfaceOrientationLandscapeLeft UIInterfaceOrientationLandscapeRight";
				LD_RUNPATH_SEARCH_PATHS = (
					"$(inherited)",
					"@executable_path/Frameworks",
				);
				MARKETING_VERSION = 1.0;
				PRODUCT_BUNDLE_IDENTIFIER = com.skart.FallingKokeraForiOS;
				PRODUCT_NAME = "$(TARGET_NAME)";
				SWIFT_EMIT_LOC_STRINGS = YES;
				SWIFT_VERSION = 5.0;
				TARGETED_DEVICE_FAMILY = "1,2";
			};
			name = Release;
		};
/* End XCBuildConfiguration section */

/* Begin XCConfigurationList section */
		39DA2BBF2A074B6400F3BE24 /* Build configuration list for PBXProject "FallingKokeraForiOS" */ = {
			isa = XCConfigurationList;
			buildConfigurations = (
				39DA2BD62A074B6800F3BE24 /* Debug */,
				39DA2BD72A074B6800F3BE24 /* Release */,
			);
			defaultConfigurationIsVisible = 0;
			defaultConfigurationName = Release;
		};
		39DA2BD82A074B6800F3BE24 /* Build configuration list for PBXNativeTarget "FallingKokeraForiOS" */ = {
			isa = XCConfigurationList;
			buildConfigurations = (
				39DA2BD92A074B6800F3BE24 /* Debug */,
				39DA2BDA2A074B6800F3BE24 /* Release */,
			);
			defaultConfigurationIsVisible = 0;
			defaultConfigurationName = Release;
		};
/* End XCConfigurationList section */
	};
	rootObject = 39DA2BBC2A074B6400F3BE24 /* Project object */;
}
